
Microsoft Visual Studio Solution File, Format Version 12.00
# Visual Studio Version 17
VisualStudioVersion = 17.2.32630.192
MinimumVisualStudioVersion = 10.0.40219.1
Project("{FAE04EC0-301F-11D3-BF4B-00C04F79EFBC}") = "SportEvents", "SportEvents\SportEvents.csproj", "{F18E72AF-4C53-458A-B597-B455A972F8BA}"
EndProject
Global
	GlobalSection(SolutionConfigurationPlatforms) = preSolution
		Debug|Any CPU = Debug|Any CPU
		Release|Any CPU = Release|Any CPU
	EndGlobalSection
	GlobalSection(ProjectConfigurationPlatforms) = postSolution
		{F18E72AF-4C53-458A-B597-B455A972F8BA}.Debug|Any CPU.ActiveCfg = Debug|Any CPU
		{F18E72AF-4C53-458A-B597-B455A972F8BA}.Debug|Any CPU.Build.0 = Debug|Any CPU
		{F18E72AF-4C53-458A-B597-B455A972F8BA}.Release|Any CPU.ActiveCfg = Release|Any CPU
		{F18E72AF-4C53-458A-B597-B455A972F8BA}.Release|Any CPU.Build.0 = Release|Any CPU
	EndGlobalSection
	GlobalSection(SolutionProperties) = preSolution
		HideSolutionNode = FALSE
	EndGlobalSection
	GlobalSection(ExtensibilityGlobals) = postSolution
		SolutionGuid = {BF7CAA3B-08C1-45EA-A2EE-BE849AEE470E}
	EndGlobalSection
EndGlobal
